<?xml version="1.0" encoding="utf-8"?>
<Project ToolsVersion="4.0" xmlns="http://schemas.microsoft.com/developer/msbuild/2003">
  <ItemGroup>
    <Filter Include="Source Files">
      <UniqueIdentifier>{4FC737F1-C7A5-4376-A066-2A32D752A2FF}</UniqueIdentifier>
      <Extensions>cpp;c;cc;cxx;def;odl;idl;hpj;bat;asm;asmx</Extensions>
    </Filter>
    <Filter Include="Header Files">
      <UniqueIdentifier>{93995380-89BD-4b04-88EB-625FBE52EBFB}</UniqueIdentifier>
      <Extensions>h;hh;hpp;hxx;hm;inl;inc;ipp;xsd</Extensions>
    </Filter>
    <Filter Include="Resource Files">
      <UniqueIdentifier>{67DA6AB6-F800-4c08-8B7A-83BB121AAD01}</UniqueIdentifier>
      <Extensions>rc;ico;cur;bmp;dlg;rc2;rct;bin;rgs;gif;jpg;jpeg;jpe;resx;tiff;tif;png;wav;mfcribbon-ms</Extensions>
    </Filter>
    <Filter Include="Header Files\Objects">
      <UniqueIdentifier>{9b3e4698-7a72-4aa4-8ea9-afa7f6217ced}</UniqueIdentifier>
    </Filter>
    <Filter Include="Header Files\Misc">
      <UniqueIdentifier>{07add5ae-50c5-4be7-8abe-c2bd1e3727f3}</UniqueIdentifier>
    </Filter>
    <Filter Include="Header Files\Dump">
      <UniqueIdentifier>{c9b5f8e4-dfa3-42fe-87f9-3c542f75780c}</UniqueIdentifier>
    </Filter>
  </ItemGroup>
  <ItemGroup>
    <ClInclude Include="structure\Background.h">
      <Filter>Header Files\Misc</Filter>
    </ClInclude>
    <ClInclude Include="structure\Board.h">
      <Filter>Header Files\Misc</Filter>
    </ClInclude>
    <ClInclude Include="structure\Game.h">
      <Filter>Header Files\Misc</Filter>
    </ClInclude>
    <ClInclude Include="structure\tower.h">
      <Filter>Header Files\Objects</Filter>
    </ClInclude>
    <ClInclude Include="structure\stats.h">
      <Filter>Header Files\Misc</Filter>
    </ClInclude>
    <ClInclude Include="structure\scoreboard.h">
      <Filter>Header Files\Misc</Filter>
    </ClInclude>
    <ClInclude Include="structure\movable.h">
      <Filter>Header Files\Misc</Filter>
    </ClInclude>
    <ClInclude Include="structure\spawn.h">
      <Filter>Header Files\Objects</Filter>
    </ClInclude>
    <ClInclude Include="structure\human.h">
      <Filter>Header Files\Dump</Filter>
    </ClInclude>
    <ClInclude Include="structure\zombie.h">
      <Filter>Header Files\Dump</Filter>
    </ClInclude>
    <ClInclude Include="structure\Board_spwn.h">
      <Filter>Header Files\Dump</Filter>
    </ClInclude>
    <ClInclude Include="structure\Spawner.h">
      <Filter>Header Files\Objects</Filter>
    </ClInclude>
    <ClInclude Include="structure\LSLL.h">
      <Filter>Header Files\Misc</Filter>
    </ClInclude>
    <ClInclude Include="structure\Node.h">
      <Filter>Header Files\Misc</Filter>
    </ClInclude>
    <ClInclude Include="structure\Keeper.h">
      <Filter>Header Files\Objects</Filter>
    </ClInclude>
    <ClInclude Include="structure\Keeper_LL.h">
      <Filter>Header Files\Dump</Filter>
    </ClInclude>
    <ClInclude Include="structure\Spawner_LL.h">
      <Filter>Header Files\Dump</Filter>
    </ClInclude>
    <ClInclude Include="structure\Node_LL.h">
      <Filter>Header Files\Dump</Filter>
    </ClInclude>
  </ItemGroup>
  <ItemGroup>
    <ClCompile Include="structure\main.cpp">
      <Filter>Source Files</Filter>
    </ClCompile>
  </ItemGroup>
</Project>